
Microsoft Visual Studio Solution File, Format Version 12.00
# Visual Studio Version 17
VisualStudioVersion = 17.8.34330.188
MinimumVisualStudioVersion = 10.0.40219.1
Project("{FAE04EC0-301F-11D3-BF4B-00C04F79EFBC}") = "PasswordKeeper", "PasswordKeeper\PasswordKeeper.csproj", "{56BFA8F7-5E21-4E16-8A9D-FCFE574CDD8B}"
EndProject
Global
	GlobalSection(SolutionConfigurationPlatforms) = preSolution
		Debug|Any CPU = Debug|Any CPU
		Release|Any CPU = Release|Any CPU
	EndGlobalSection
	GlobalSection(ProjectConfigurationPlatforms) = postSolution
		{56BFA8F7-5E21-4E16-8A9D-FCFE574CDD8B}.Debug|Any CPU.ActiveCfg = Debug|Any CPU
		{56BFA8F7-5E21-4E16-8A9D-FCFE574CDD8B}.Debug|Any CPU.Build.0 = Debug|Any CPU
		{56BFA8F7-5E21-4E16-8A9D-FCFE574CDD8B}.Release|Any CPU.ActiveCfg = Release|Any CPU
		{56BFA8F7-5E21-4E16-8A9D-FCFE574CDD8B}.Release|Any CPU.Build.0 = Release|Any CPU
	EndGlobalSection
	GlobalSection(SolutionProperties) = preSolution
		HideSolutionNode = FALSE
	EndGlobalSection
	GlobalSection(ExtensibilityGlobals) = postSolution
		SolutionGuid = {54080237-305D-4BC7-88FB-1BD1E59C9A49}
	EndGlobalSection
EndGlobal
